lockfileVersion: '9.0'

settings:
  autoInstallPeers: true
  excludeLinksFromLockfile: false

importers:

  .:
    dependencies:
      react:
        specifier: 18.3.1
        version: 18.3.1
      react-dom:
        specifier: 18.3.1
        version: 18.3.1(react@18.3.1)
    devDependencies:
      vitest:
        specifier: ^2.0.5
        version: 2.1.9

packages:

  vitest@2.1.9:
    resolution: {integrity: sha512-some-placeholder}

snapshots:

  vitest@2.1.9: {}
